
Microsoft Visual Studio Solution File, Format Version 12.00
# Visual Studio Version 17
VisualStudioVersion = 17.11.35219.272
MinimumVisualStudioVersion = 10.0.40219.1
Project("{FAE04EC0-301F-11D3-BF4B-00C04F79EFBC}") = "desafio-junior-backend", "desafio-junior-backend.csproj", "{2A771D5C-602A-45B0-BA9F-5620D5E67D1F}"
EndProject
Global
	GlobalSection(SolutionConfigurationPlatforms) = preSolution
		Debug|Any CPU = Debug|Any CPU
		Release|Any CPU = Release|Any CPU
	EndGlobalSection
	GlobalSection(ProjectConfigurationPlatforms) = postSolution
		{2A771D5C-602A-45B0-BA9F-5620D5E67D1F}.Debug|Any CPU.ActiveCfg = Debug|Any CPU
		{2A771D5C-602A-45B0-BA9F-5620D5E67D1F}.Debug|Any CPU.Build.0 = Debug|Any CPU
		{2A771D5C-602A-45B0-BA9F-5620D5E67D1F}.Release|Any CPU.ActiveCfg = Release|Any CPU
		{2A771D5C-602A-45B0-BA9F-5620D5E67D1F}.Release|Any CPU.Build.0 = Release|Any CPU
	EndGlobalSection
	GlobalSection(SolutionProperties) = preSolution
		HideSolutionNode = FALSE
	EndGlobalSection
	GlobalSection(ExtensibilityGlobals) = postSolution
		SolutionGuid = {9F55FAA7-070B-47F7-A03B-3D4F07A12EDA}
	EndGlobalSection
EndGlobal
